<Solution>
  <Folder Name="/Solution Items/">
    <File Path=".gitattributes" />
    <File Path=".gitignore" />
    <File Path="Directory.Build.props" />
    <File Path="Directory.Packages.props" />
    <File Path="global.json" />
    <File Path="NuGet.config" />
    <File Path="readme.md" />
  </Folder>
  <Project Path="Clock.Avalonia.Desktop/Clock.Avalonia.Desktop.csproj" />
  <Project Path="Clock.Avalonia/Clock.Avalonia.csproj" />
</Solution>
